
Microsoft Visual Studio Solution File, Format Version 12.00
# Visual Studio 2012
Project("{FAE04EC0-301F-11D3-BF4B-00C04F79EFBC}") = "01.Matrixs", "01.Matrixs\01.Matrixs.csproj", "{A47001EC-6A0E-495C-8AAF-C3BBD4AF1029}"
EndProject
Project("{FAE04EC0-301F-11D3-BF4B-00C04F79EFBC}") = "02.MaximalSumInMatrix", "02.MaximalSumInMatrix\02.MaximalSumInMatrix.csproj", "{93C068F9-26D8-4450-978D-491C1F6894D3}"
EndProject
Project("{FAE04EC0-301F-11D3-BF4B-00C04F79EFBC}") = "03.LongestSequenceStrings", "03.LongestSequenceStrings\03.LongestSequenceStrings.csproj", "{554AF607-41DC-4415-9FC6-A8F578604AD9}"
EndProject
Project("{FAE04EC0-301F-11D3-BF4B-00C04F79EFBC}") = "04.BinarySearch", "04.BinarySearch\04.BinarySearch.csproj", "{CCDF8991-3D80-46B8-A219-32D0BD145001}"
EndProject
Project("{FAE04EC0-301F-11D3-BF4B-00C04F79EFBC}") = "05.SortStrings", "05.SortStrings\05.SortStrings.csproj", "{D9E1E36C-2245-4277-909D-31C28FC967EC}"
EndProject
Project("{FAE04EC0-301F-11D3-BF4B-00C04F79EFBC}") = "07.DfsAlgorithm", "07.DfsAlgorithm\07.DfsAlgorithm.csproj", "{47D97069-3502-43A8-98AE-FBA746EED83A}"
EndProject
Project("{FAE04EC0-301F-11D3-BF4B-00C04F79EFBC}") = "06.ClassMatrix", "06.ClassMatrix\06.ClassMatrix.csproj", "{C60AAA5D-F275-423B-9BFC-E353DCF09E5D}"
EndProject
Global
	GlobalSection(SolutionConfigurationPlatforms) = preSolution
		Debug|Any CPU = Debug|Any CPU
		Release|Any CPU = Release|Any CPU
	EndGlobalSection
	GlobalSection(ProjectConfigurationPlatforms) = postSolution
		{A47001EC-6A0E-495C-8AAF-C3BBD4AF1029}.Debug|Any CPU.ActiveCfg = Debug|Any CPU
		{A47001EC-6A0E-495C-8AAF-C3BBD4AF1029}.Debug|Any CPU.Build.0 = Debug|Any CPU
		{A47001EC-6A0E-495C-8AAF-C3BBD4AF1029}.Release|Any CPU.ActiveCfg = Release|Any CPU
		{A47001EC-6A0E-495C-8AAF-C3BBD4AF1029}.Release|Any CPU.Build.0 = Release|Any CPU
		{93C068F9-26D8-4450-978D-491C1F6894D3}.Debug|Any CPU.ActiveCfg = Debug|Any CPU
		{93C068F9-26D8-4450-978D-491C1F6894D3}.Debug|Any CPU.Build.0 = Debug|Any CPU
		{93C068F9-26D8-4450-978D-491C1F6894D3}.Release|Any CPU.ActiveCfg = Release|Any CPU
		{93C068F9-26D8-4450-978D-491C1F6894D3}.Release|Any CPU.Build.0 = Release|Any CPU
		{554AF607-41DC-4415-9FC6-A8F578604AD9}.Debug|Any CPU.ActiveCfg = Debug|Any CPU
		{554AF607-41DC-4415-9FC6-A8F578604AD9}.Debug|Any CPU.Build.0 = Debug|Any CPU
		{554AF607-41DC-4415-9FC6-A8F578604AD9}.Release|Any CPU.ActiveCfg = Release|Any CPU
		{554AF607-41DC-4415-9FC6-A8F578604AD9}.Release|Any CPU.Build.0 = Release|Any CPU
		{CCDF8991-3D80-46B8-A219-32D0BD145001}.Debug|Any CPU.ActiveCfg = Debug|Any CPU
		{CCDF8991-3D80-46B8-A219-32D0BD145001}.Debug|Any CPU.Build.0 = Debug|Any CPU
		{CCDF8991-3D80-46B8-A219-32D0BD145001}.Release|Any CPU.ActiveCfg = Release|Any CPU
		{CCDF8991-3D80-46B8-A219-32D0BD145001}.Release|Any CPU.Build.0 = Release|Any CPU
		{D9E1E36C-2245-4277-909D-31C28FC967EC}.Debug|Any CPU.ActiveCfg = Debug|Any CPU
		{D9E1E36C-2245-4277-909D-31C28FC967EC}.Debug|Any CPU.Build.0 = Debug|Any CPU
		{D9E1E36C-2245-4277-909D-31C28FC967EC}.Release|Any CPU.ActiveCfg = Release|Any CPU
		{D9E1E36C-2245-4277-909D-31C28FC967EC}.Release|Any CPU.Build.0 = Release|Any CPU
		{47D97069-3502-43A8-98AE-FBA746EED83A}.Debug|Any CPU.ActiveCfg = Debug|Any CPU
		{47D97069-3502-43A8-98AE-FBA746EED83A}.Debug|Any CPU.Build.0 = Debug|Any CPU
		{47D97069-3502-43A8-98AE-FBA746EED83A}.Release|Any CPU.ActiveCfg = Release|Any CPU
		{47D97069-3502-43A8-98AE-FBA746EED83A}.Release|Any CPU.Build.0 = Release|Any CPU
		{C60AAA5D-F275-423B-9BFC-E353DCF09E5D}.Debug|Any CPU.ActiveCfg = Debug|Any CPU
		{C60AAA5D-F275-423B-9BFC-E353DCF09E5D}.Debug|Any CPU.Build.0 = Debug|Any CPU
		{C60AAA5D-F275-423B-9BFC-E353DCF09E5D}.Release|Any CPU.ActiveCfg = Release|Any CPU
		{C60AAA5D-F275-423B-9BFC-E353DCF09E5D}.Release|Any CPU.Build.0 = Release|Any CPU
	EndGlobalSection
	GlobalSection(SolutionProperties) = preSolution
		HideSolutionNode = FALSE
	EndGlobalSection
EndGlobal
