
Microsoft Visual Studio Solution File, Format Version 12.00
# Visual Studio 2012
Project("{FAE04EC0-301F-11D3-BF4B-00C04F79EFBC}") = "01.AskForName", "01.AskForName\01.AskForName.csproj", "{48776FDB-7620-473D-8E9E-93636D573F44}"
EndProject
Project("{FAE04EC0-301F-11D3-BF4B-00C04F79EFBC}") = "02.BiggestNumber", "02.BiggestNumber\02.BiggestNumber.csproj", "{1267282D-3892-4BFD-B5BD-93B190A13A64}"
EndProject
Project("{FAE04EC0-301F-11D3-BF4B-00C04F79EFBC}") = "03.LastDigit", "03.LastDigit\03.LastDigit.csproj", "{E93FAF70-652D-4CA1-9F2B-5CF490D7E070}"
EndProject
Project("{FAE04EC0-301F-11D3-BF4B-00C04F79EFBC}") = "04.NumInArray", "04.NumInArray\04.NumInArray.csproj", "{736B3400-A065-45DD-B4B3-D4C53145B717}"
EndProject
Project("{FAE04EC0-301F-11D3-BF4B-00C04F79EFBC}") = "05.NumberBetweenTwoNumbers", "05.NumberBetweenTwoNumbers\05.NumberBetweenTwoNumbers.csproj", "{4A8AB9DA-04EB-49B4-B655-DA51F7E9552F}"
EndProject
Project("{FAE04EC0-301F-11D3-BF4B-00C04F79EFBC}") = "06.ReturnIndexOfNumber", "06.ReturnIndexOfNumber\06.ReturnIndexOfNumber.csproj", "{D227D4D0-90CA-4255-AC1D-508AC5AD43E9}"
EndProject
Project("{FAE04EC0-301F-11D3-BF4B-00C04F79EFBC}") = "07.ReverseDigits", "07.ReverseDigits\07.ReverseDigits.csproj", "{1E17B42B-94AF-4474-BF7B-488D68DB9919}"
EndProject
Project("{FAE04EC0-301F-11D3-BF4B-00C04F79EFBC}") = "08.GatherNumbers", "08.GatherNumbers\08.GatherNumbers.csproj", "{E5C5CDF5-56C1-488F-B0D5-C4004BC3AD61}"
EndProject
Project("{FAE04EC0-301F-11D3-BF4B-00C04F79EFBC}") = "09.SmthLikeSelectionSort", "09.SmthLikeSelectionSort\09.SmthLikeSelectionSort.csproj", "{A5627AEC-71A8-445C-8C92-4410A658CB4B}"
EndProject
Project("{FAE04EC0-301F-11D3-BF4B-00C04F79EFBC}") = "10.Factorial", "10.Factorial\10.Factorial.csproj", "{6B520393-4B40-4788-A88E-7A6F66DD944A}"
EndProject
Project("{FAE04EC0-301F-11D3-BF4B-00C04F79EFBC}") = "11.Polynomials", "11.Polynomials\11.Polynomials.csproj", "{FCFF4704-68B8-4005-955F-768EE5AEF2CC}"
EndProject
Project("{FAE04EC0-301F-11D3-BF4B-00C04F79EFBC}") = "12.ModifiedPolynomials", "12.ModifiedPolynomials\12.ModifiedPolynomials.csproj", "{0CC104C9-41CE-43A3-BCB2-B50D722E118D}"
EndProject
Project("{FAE04EC0-301F-11D3-BF4B-00C04F79EFBC}") = "13.MakeALotOfPrograms", "13.MakeALotOfPrograms\13.MakeALotOfPrograms.csproj", "{322AF25B-818C-428E-A877-C5BB6653163E}"
EndProject
Project("{FAE04EC0-301F-11D3-BF4B-00C04F79EFBC}") = "14.MinMaxAndAverage", "14.MinMaxAndAverage\14.MinMaxAndAverage.csproj", "{23F24762-30F1-4A03-A48A-8F82828A8E31}"
EndProject
Project("{FAE04EC0-301F-11D3-BF4B-00C04F79EFBC}") = "15.ModifiedProgram", "15.ModifiedProgram\15.ModifiedProgram.csproj", "{F6B4EF1C-A6E0-4A7C-AEBD-3B1BCDDF7B87}"
EndProject
Global
	GlobalSection(SolutionConfigurationPlatforms) = preSolution
		Debug|Any CPU = Debug|Any CPU
		Release|Any CPU = Release|Any CPU
	EndGlobalSection
	GlobalSection(ProjectConfigurationPlatforms) = postSolution
		{48776FDB-7620-473D-8E9E-93636D573F44}.Debug|Any CPU.ActiveCfg = Debug|Any CPU
		{48776FDB-7620-473D-8E9E-93636D573F44}.Debug|Any CPU.Build.0 = Debug|Any CPU
		{48776FDB-7620-473D-8E9E-93636D573F44}.Release|Any CPU.ActiveCfg = Release|Any CPU
		{48776FDB-7620-473D-8E9E-93636D573F44}.Release|Any CPU.Build.0 = Release|Any CPU
		{1267282D-3892-4BFD-B5BD-93B190A13A64}.Debug|Any CPU.ActiveCfg = Debug|Any CPU
		{1267282D-3892-4BFD-B5BD-93B190A13A64}.Debug|Any CPU.Build.0 = Debug|Any CPU
		{1267282D-3892-4BFD-B5BD-93B190A13A64}.Release|Any CPU.ActiveCfg = Release|Any CPU
		{1267282D-3892-4BFD-B5BD-93B190A13A64}.Release|Any CPU.Build.0 = Release|Any CPU
		{E93FAF70-652D-4CA1-9F2B-5CF490D7E070}.Debug|Any CPU.ActiveCfg = Debug|Any CPU
		{E93FAF70-652D-4CA1-9F2B-5CF490D7E070}.Debug|Any CPU.Build.0 = Debug|Any CPU
		{E93FAF70-652D-4CA1-9F2B-5CF490D7E070}.Release|Any CPU.ActiveCfg = Release|Any CPU
		{E93FAF70-652D-4CA1-9F2B-5CF490D7E070}.Release|Any CPU.Build.0 = Release|Any CPU
		{736B3400-A065-45DD-B4B3-D4C53145B717}.Debug|Any CPU.ActiveCfg = Debug|Any CPU
		{736B3400-A065-45DD-B4B3-D4C53145B717}.Debug|Any CPU.Build.0 = Debug|Any CPU
		{736B3400-A065-45DD-B4B3-D4C53145B717}.Release|Any CPU.ActiveCfg = Release|Any CPU
		{736B3400-A065-45DD-B4B3-D4C53145B717}.Release|Any CPU.Build.0 = Release|Any CPU
		{4A8AB9DA-04EB-49B4-B655-DA51F7E9552F}.Debug|Any CPU.ActiveCfg = Debug|Any CPU
		{4A8AB9DA-04EB-49B4-B655-DA51F7E9552F}.Debug|Any CPU.Build.0 = Debug|Any CPU
		{4A8AB9DA-04EB-49B4-B655-DA51F7E9552F}.Release|Any CPU.ActiveCfg = Release|Any CPU
		{4A8AB9DA-04EB-49B4-B655-DA51F7E9552F}.Release|Any CPU.Build.0 = Release|Any CPU
		{D227D4D0-90CA-4255-AC1D-508AC5AD43E9}.Debug|Any CPU.ActiveCfg = Debug|Any CPU
		{D227D4D0-90CA-4255-AC1D-508AC5AD43E9}.Debug|Any CPU.Build.0 = Debug|Any CPU
		{D227D4D0-90CA-4255-AC1D-508AC5AD43E9}.Release|Any CPU.ActiveCfg = Release|Any CPU
		{D227D4D0-90CA-4255-AC1D-508AC5AD43E9}.Release|Any CPU.Build.0 = Release|Any CPU
		{1E17B42B-94AF-4474-BF7B-488D68DB9919}.Debug|Any CPU.ActiveCfg = Debug|Any CPU
		{1E17B42B-94AF-4474-BF7B-488D68DB9919}.Debug|Any CPU.Build.0 = Debug|Any CPU
		{1E17B42B-94AF-4474-BF7B-488D68DB9919}.Release|Any CPU.ActiveCfg = Release|Any CPU
		{1E17B42B-94AF-4474-BF7B-488D68DB9919}.Release|Any CPU.Build.0 = Release|Any CPU
		{E5C5CDF5-56C1-488F-B0D5-C4004BC3AD61}.Debug|Any CPU.ActiveCfg = Debug|Any CPU
		{E5C5CDF5-56C1-488F-B0D5-C4004BC3AD61}.Debug|Any CPU.Build.0 = Debug|Any CPU
		{E5C5CDF5-56C1-488F-B0D5-C4004BC3AD61}.Release|Any CPU.ActiveCfg = Release|Any CPU
		{E5C5CDF5-56C1-488F-B0D5-C4004BC3AD61}.Release|Any CPU.Build.0 = Release|Any CPU
		{A5627AEC-71A8-445C-8C92-4410A658CB4B}.Debug|Any CPU.ActiveCfg = Debug|Any CPU
		{A5627AEC-71A8-445C-8C92-4410A658CB4B}.Debug|Any CPU.Build.0 = Debug|Any CPU
		{A5627AEC-71A8-445C-8C92-4410A658CB4B}.Release|Any CPU.ActiveCfg = Release|Any CPU
		{A5627AEC-71A8-445C-8C92-4410A658CB4B}.Release|Any CPU.Build.0 = Release|Any CPU
		{6B520393-4B40-4788-A88E-7A6F66DD944A}.Debug|Any CPU.ActiveCfg = Debug|Any CPU
		{6B520393-4B40-4788-A88E-7A6F66DD944A}.Debug|Any CPU.Build.0 = Debug|Any CPU
		{6B520393-4B40-4788-A88E-7A6F66DD944A}.Release|Any CPU.ActiveCfg = Release|Any CPU
		{6B520393-4B40-4788-A88E-7A6F66DD944A}.Release|Any CPU.Build.0 = Release|Any CPU
		{FCFF4704-68B8-4005-955F-768EE5AEF2CC}.Debug|Any CPU.ActiveCfg = Debug|Any CPU
		{FCFF4704-68B8-4005-955F-768EE5AEF2CC}.Debug|Any CPU.Build.0 = Debug|Any CPU
		{FCFF4704-68B8-4005-955F-768EE5AEF2CC}.Release|Any CPU.ActiveCfg = Release|Any CPU
		{FCFF4704-68B8-4005-955F-768EE5AEF2CC}.Release|Any CPU.Build.0 = Release|Any CPU
		{0CC104C9-41CE-43A3-BCB2-B50D722E118D}.Debug|Any CPU.ActiveCfg = Debug|Any CPU
		{0CC104C9-41CE-43A3-BCB2-B50D722E118D}.Debug|Any CPU.Build.0 = Debug|Any CPU
		{0CC104C9-41CE-43A3-BCB2-B50D722E118D}.Release|Any CPU.ActiveCfg = Release|Any CPU
		{0CC104C9-41CE-43A3-BCB2-B50D722E118D}.Release|Any CPU.Build.0 = Release|Any CPU
		{322AF25B-818C-428E-A877-C5BB6653163E}.Debug|Any CPU.ActiveCfg = Debug|Any CPU
		{322AF25B-818C-428E-A877-C5BB6653163E}.Debug|Any CPU.Build.0 = Debug|Any CPU
		{322AF25B-818C-428E-A877-C5BB6653163E}.Release|Any CPU.ActiveCfg = Release|Any CPU
		{322AF25B-818C-428E-A877-C5BB6653163E}.Release|Any CPU.Build.0 = Release|Any CPU
		{23F24762-30F1-4A03-A48A-8F82828A8E31}.Debug|Any CPU.ActiveCfg = Debug|Any CPU
		{23F24762-30F1-4A03-A48A-8F82828A8E31}.Debug|Any CPU.Build.0 = Debug|Any CPU
		{23F24762-30F1-4A03-A48A-8F82828A8E31}.Release|Any CPU.ActiveCfg = Release|Any CPU
		{23F24762-30F1-4A03-A48A-8F82828A8E31}.Release|Any CPU.Build.0 = Release|Any CPU
		{F6B4EF1C-A6E0-4A7C-AEBD-3B1BCDDF7B87}.Debug|Any CPU.ActiveCfg = Debug|Any CPU
		{F6B4EF1C-A6E0-4A7C-AEBD-3B1BCDDF7B87}.Debug|Any CPU.Build.0 = Debug|Any CPU
		{F6B4EF1C-A6E0-4A7C-AEBD-3B1BCDDF7B87}.Release|Any CPU.ActiveCfg = Release|Any CPU
		{F6B4EF1C-A6E0-4A7C-AEBD-3B1BCDDF7B87}.Release|Any CPU.Build.0 = Release|Any CPU
	EndGlobalSection
	GlobalSection(SolutionProperties) = preSolution
		HideSolutionNode = FALSE
	EndGlobalSection
EndGlobal
